{
  "version": 1,
  "dependencies": {
    "net10.0": {
      "Microsoft.AspNetCore.OpenApi": {
        "type": "Direct",
        "requested": "[10.0.5, )",
        "resolved": "10.0.5",
        "contentHash": "vTcxIfOPyfFbYk1g8YcXJfkMnlEWVkSnnjxcZLy60zgwiHMRf2SnZR+9E4HlpwKxgE3yfKMOti8J6WfKuKsw6w==",
        "dependencies": {
          "Microsoft.OpenApi": "2.0.0"
        }
      },
      "Microsoft.Extensions.ApiDescription.Server": {
        "type": "Direct",
        "requested": "[10.0.5, )",
        "resolved": "10.0.5",
        "contentHash": "Lx8zu/RWUAuPuDfM4S3AeXGNu50G/oDMw2MIWRsZPm+giT0iChOGln6ezM5CEuI7SS2IKOPmAp+ry4pMBv/r/w=="
      },
      "Microsoft.OpenApi": {
        "type": "Transitive",
        "resolved": "2.0.0",
        "contentHash": "GGYLfzV/G/ct80OZ45JxnWP7NvMX1BCugn/lX7TH5o0lcVaviavsLMTxmFV2AybXWjbi3h6FF1vgZiTK6PXndw=="
      },
      "ai.tlbx.midterm.api": {
        "type": "Project",
        "dependencies": {
          "Ai.Tlbx.MidTerm.Common": "[4.0.1, )"
        }
      },
      "ai.tlbx.midterm.common": {
        "type": "Project"
      }
    }
  }
}