{
  "version": 1,
  "dependencies": {
    "net10.0": {
      "IDisposableAnalyzers": {
        "type": "Direct",
        "requested": "[4.0.8, )",
        "resolved": "4.0.8",
        "contentHash": "vNi4NMG0CcJyjXxiNDcQ21FwV/whM9o9OEZKD+oP7tuxAqFEzX/x5OhC3OZJqW/w+8GOtCmJPBquYgMWgz0rfQ=="
      },
      "Meziantou.Analyzer": {
        "type": "Direct",
        "requested": "[3.0.22, )",
        "resolved": "3.0.22",
        "contentHash": "90M4v6pWhG9X+4SKf6G+lUsk9D5PysTV2QhSCEyHmjbyOxjs6DxUjYxdLLWdPPO5k5+b67a8T+feWpZkno+h7g=="
      },
      "Microsoft.AspNetCore.OpenApi": {
        "type": "Direct",
        "requested": "[10.0.5, )",
        "resolved": "10.0.5",
        "contentHash": "vTcxIfOPyfFbYk1g8YcXJfkMnlEWVkSnnjxcZLy60zgwiHMRf2SnZR+9E4HlpwKxgE3yfKMOti8J6WfKuKsw6w==",
        "dependencies": {
          "Microsoft.OpenApi": "2.0.0"
        }
      },
      "Microsoft.Extensions.ApiDescription.Server": {
        "type": "Direct",
        "requested": "[10.0.5, )",
        "resolved": "10.0.5",
        "contentHash": "Lx8zu/RWUAuPuDfM4S3AeXGNu50G/oDMw2MIWRsZPm+giT0iChOGln6ezM5CEuI7SS2IKOPmAp+ry4pMBv/r/w=="
      },
      "Microsoft.OpenApi": {
        "type": "Transitive",
        "resolved": "2.0.0",
        "contentHash": "GGYLfzV/G/ct80OZ45JxnWP7NvMX1BCugn/lX7TH5o0lcVaviavsLMTxmFV2AybXWjbi3h6FF1vgZiTK6PXndw=="
      },
      "ai.tlbx.midterm.api": {
        "type": "Project",
        "dependencies": {
          "Ai.Tlbx.MidTerm.Common": "[4.0.1, )"
        }
      },
      "ai.tlbx.midterm.common": {
        "type": "Project"
      }
    }
  }
}